// !$*UTF8*$!
{
	archiveVersion = 1;
	classes = {
	};
	objectVersion = 55;
	objects = {

/* Begin PBXBuildFile section */
		271130A0279C41470073BB35 /* RadarChart.swift in Sources */ = {isa = PBXBuildFile; fileRef = 2711309F279C41470073BB35 /* RadarChart.swift */; };
		271130A2279C57160073BB35 /* RadarChartDateSelector.swift in Sources */ = {isa = PBXBuildFile; fileRef = 271130A1279C57160073BB35 /* RadarChartDateSelector.swift */; };
		271130A4279C61830073BB35 /* TimestampFilteredMoods.swift in Sources */ = {isa = PBXBuildFile; fileRef = 271130A3279C61830073BB35 /* TimestampFilteredMoods.swift */; };
		272D960E27829F760029527E /* MyMoodApp.swift in Sources */ = {isa = PBXBuildFile; fileRef = 272D960D27829F760029527E /* MyMoodApp.swift */; };
		272D961027829F760029527E /* NewFeeling.swift in Sources */ = {isa = PBXBuildFile; fileRef = 272D960F27829F760029527E /* NewFeeling.swift */; };
		272D961227829F770029527E /* Assets.xcassets in Resources */ = {isa = PBXBuildFile; fileRef = 272D961127829F770029527E /* Assets.xcassets */; };
		272D961527829F770029527E /* Preview Assets.xcassets in Resources */ = {isa = PBXBuildFile; fileRef = 272D961427829F770029527E /* Preview Assets.xcassets */; };
		272D961727829F770029527E /* Persistence.swift in Sources */ = {isa = PBXBuildFile; fileRef = 272D961627829F770029527E /* Persistence.swift */; };
		272D961A27829F770029527E /* MyMood.xcdatamodeld in Sources */ = {isa = PBXBuildFile; fileRef = 272D961827829F770029527E /* MyMood.xcdatamodeld */; };
		272D965D2787DF090029527E /* Mood.swift in Sources */ = {isa = PBXBuildFile; fileRef = 272D965C2787DF090029527E /* Mood.swift */; };
		272D965F2787F4340029527E /* ListOfMoods.swift in Sources */ = {isa = PBXBuildFile; fileRef = 272D965E2787F4340029527E /* ListOfMoods.swift */; };
		272D9661278907110029527E /* Homescreen.swift in Sources */ = {isa = PBXBuildFile; fileRef = 272D9660278907110029527E /* Homescreen.swift */; };
		27467057279665B9000478D6 /* AboutView.swift in Sources */ = {isa = PBXBuildFile; fileRef = 27467056279665B9000478D6 /* AboutView.swift */; };
		2746B8B7279605E400233F96 /* Theme.swift in Sources */ = {isa = PBXBuildFile; fileRef = 2746B8B6279605E400233F96 /* Theme.swift */; };
		27EAFDFC2798F8C900CCCB4D /* MoodRow.swift in Sources */ = {isa = PBXBuildFile; fileRef = 27EAFDFB2798F8C900CCCB4D /* MoodRow.swift */; };
		27EAFDFE2798F91E00CCCB4D /* utils.swift in Sources */ = {isa = PBXBuildFile; fileRef = 27EAFDFD2798F91E00CCCB4D /* utils.swift */; };
		27EAFE022799068600CCCB4D /* MoodGrid.swift in Sources */ = {isa = PBXBuildFile; fileRef = 27EAFE012799068600CCCB4D /* MoodGrid.swift */; };
		27F183B9279615830046A7C1 /* CloudKit.framework in Frameworks */ = {isa = PBXBuildFile; fileRef = 27F183B8279615830046A7C1 /* CloudKit.framework */; };
/* End PBXBuildFile section */

/* Begin PBXFileReference section */
		2711309F279C41470073BB35 /* RadarChart.swift */ = {isa = PBXFileReference; fileEncoding = 4; lastKnownFileType = sourcecode.swift; path = RadarChart.swift; sourceTree = "<group>"; };
		271130A1279C57160073BB35 /* RadarChartDateSelector.swift */ = {isa = PBXFileReference; lastKnownFileType = sourcecode.swift; path = RadarChartDateSelector.swift; sourceTree = "<group>"; };
		271130A3279C61830073BB35 /* TimestampFilteredMoods.swift */ = {isa = PBXFileReference; lastKnownFileType = sourcecode.swift; path = TimestampFilteredMoods.swift; sourceTree = "<group>"; };
		271130A5279C7AD10073BB35 /* MyMood.entitlements */ = {isa = PBXFileReference; fileEncoding = 4; lastKnownFileType = text.plist.entitlements; path = MyMood.entitlements; sourceTree = "<group>"; };
		272D960A27829F760029527E /* MyMood.app */ = {isa = PBXFileReference; explicitFileType = wrapper.application; includeInIndex = 0; path = MyMood.app; sourceTree = BUILT_PRODUCTS_DIR; };
		272D960D27829F760029527E /* MyMoodApp.swift */ = {isa = PBXFileReference; lastKnownFileType = sourcecode.swift; path = MyMoodApp.swift; sourceTree = "<group>"; };
		272D960F27829F760029527E /* NewFeeling.swift */ = {isa = PBXFileReference; lastKnownFileType = sourcecode.swift; path = NewFeeling.swift; sourceTree = "<group>"; };
		272D961127829F770029527E /* Assets.xcassets */ = {isa = PBXFileReference; lastKnownFileType = folder.assetcatalog; path = Assets.xcassets; sourceTree = "<group>"; };
		272D961427829F770029527E /* Preview Assets.xcassets */ = {isa = PBXFileReference; lastKnownFileType = folder.assetcatalog; path = "Preview Assets.xcassets"; sourceTree = "<group>"; };
		272D961627829F770029527E /* Persistence.swift */ = {isa = PBXFileReference; lastKnownFileType = sourcecode.swift; path = Persistence.swift; sourceTree = "<group>"; };
		272D961927829F770029527E /* MyMood.xcdatamodel */ = {isa = PBXFileReference; lastKnownFileType = wrapper.xcdatamodel; path = MyMood.xcdatamodel; sourceTree = "<group>"; };
		272D965C2787DF090029527E /* Mood.swift */ = {isa = PBXFileReference; lastKnownFileType = sourcecode.swift; path = Mood.swift; sourceTree = "<group>"; };
		272D965E2787F4340029527E /* ListOfMoods.swift */ = {isa = PBXFileReference; lastKnownFileType = sourcecode.swift; path = ListOfMoods.swift; sourceTree = "<group>"; };
		272D9660278907110029527E /* Homescreen.swift */ = {isa = PBXFileReference; lastKnownFileType = sourcecode.swift; path = Homescreen.swift; sourceTree = "<group>"; };
		27467056279665B9000478D6 /* AboutView.swift */ = {isa = PBXFileReference; lastKnownFileType = sourcecode.swift; path = AboutView.swift; sourceTree = "<group>"; };
		2746B8B6279605E400233F96 /* Theme.swift */ = {isa = PBXFileReference; lastKnownFileType = sourcecode.swift; path = Theme.swift; sourceTree = "<group>"; };
		27EAFDFB2798F8C900CCCB4D /* MoodRow.swift */ = {isa = PBXFileReference; lastKnownFileType = sourcecode.swift; path = MoodRow.swift; sourceTree = "<group>"; };
		27EAFDFD2798F91E00CCCB4D /* utils.swift */ = {isa = PBXFileReference; lastKnownFileType = sourcecode.swift; path = utils.swift; sourceTree = "<group>"; };
		27EAFE012799068600CCCB4D /* MoodGrid.swift */ = {isa = PBXFileReference; lastKnownFileType = sourcecode.swift; path = MoodGrid.swift; sourceTree = "<group>"; };
		27F183B8279615830046A7C1 /* CloudKit.framework */ = {isa = PBXFileReference; lastKnownFileType = wrapper.framework; name = CloudKit.framework; path = System/Library/Frameworks/CloudKit.framework; sourceTree = SDKROOT; };
		27F183BA279615910046A7C1 /* Info.plist */ = {isa = PBXFileReference; lastKnownFileType = text.plist.xml; path = Info.plist; sourceTree = "<group>"; };
/* End PBXFileReference section */

/* Begin PBXFrameworksBuildPhase section */
		272D960727829F760029527E /* Frameworks */ = {
			isa = PBXFrameworksBuildPhase;
			buildActionMask = 2147483647;
			files = (
				27F183B9279615830046A7C1 /* CloudKit.framework in Frameworks */,
			);
			runOnlyForDeploymentPostprocessing = 0;
		};
/* End PBXFrameworksBuildPhase section */

/* Begin PBXGroup section */
		271130A6279C7ADE0073BB35 /* iOS */ = {
			isa = PBXGroup;
			children = (
				27F183BA279615910046A7C1 /* Info.plist */,
				271130A5279C7AD10073BB35 /* MyMood.entitlements */,
			);
			path = iOS;
			sourceTree = "<group>";
		};
		272D960127829F760029527E = {
			isa = PBXGroup;
			children = (
				272D960C27829F760029527E /* MyMood */,
				272D960B27829F760029527E /* Products */,
				27F183B7279615830046A7C1 /* Frameworks */,
			);
			sourceTree = "<group>";
		};
		272D960B27829F760029527E /* Products */ = {
			isa = PBXGroup;
			children = (
				272D960A27829F760029527E /* MyMood.app */,
			);
			name = Products;
			sourceTree = "<group>";
		};
		272D960C27829F760029527E /* MyMood */ = {
			isa = PBXGroup;
			children = (
				271130A6279C7ADE0073BB35 /* iOS */,
				2746705B27966A15000478D6 /* Resources */,
				2746705A279669E8000478D6 /* Controllers */,
				27467059279669CC000478D6 /* Models */,
				27467058279669BC000478D6 /* Views */,
				272D960D27829F760029527E /* MyMoodApp.swift */,
				272D961327829F770029527E /* Preview Content */,
			);
			path = MyMood;
			sourceTree = "<group>";
		};
		272D961327829F770029527E /* Preview Content */ = {
			isa = PBXGroup;
			children = (
				272D961427829F770029527E /* Preview Assets.xcassets */,
			);
			path = "Preview Content";
			sourceTree = "<group>";
		};
		27467058279669BC000478D6 /* Views */ = {
			isa = PBXGroup;
			children = (
				2711309F279C41470073BB35 /* RadarChart.swift */,
				271130A1279C57160073BB35 /* RadarChartDateSelector.swift */,
				271130A3279C61830073BB35 /* TimestampFilteredMoods.swift */,
				27EAFDFB2798F8C900CCCB4D /* MoodRow.swift */,
				2746B8B6279605E400233F96 /* Theme.swift */,
				272D9660278907110029527E /* Homescreen.swift */,
				272D965E2787F4340029527E /* ListOfMoods.swift */,
				27467056279665B9000478D6 /* AboutView.swift */,
				272D960F27829F760029527E /* NewFeeling.swift */,
				27EAFE012799068600CCCB4D /* MoodGrid.swift */,
			);
			path = Views;
			sourceTree = "<group>";
		};
		27467059279669CC000478D6 /* Models */ = {
			isa = PBXGroup;
			children = (
				272D965C2787DF090029527E /* Mood.swift */,
				272D961827829F770029527E /* MyMood.xcdatamodeld */,
			);
			path = Models;
			sourceTree = "<group>";
		};
		2746705A279669E8000478D6 /* Controllers */ = {
			isa = PBXGroup;
			children = (
				272D961627829F770029527E /* Persistence.swift */,
			);
			path = Controllers;
			sourceTree = "<group>";
		};
		2746705B27966A15000478D6 /* Resources */ = {
			isa = PBXGroup;
			children = (
				272D961127829F770029527E /* Assets.xcassets */,
				27EAFDFD2798F91E00CCCB4D /* utils.swift */,
			);
			path = Resources;
			sourceTree = "<group>";
		};
		27F183B7279615830046A7C1 /* Frameworks */ = {
			isa = PBXGroup;
			children = (
				27F183B8279615830046A7C1 /* CloudKit.framework */,
			);
			name = Frameworks;
			sourceTree = "<group>";
		};
/* End PBXGroup section */

/* Begin PBXNativeTarget section */
		272D960927829F760029527E /* MyMood */ = {
			isa = PBXNativeTarget;
			buildConfigurationList = 272D963327829F770029527E /* Build configuration list for PBXNativeTarget "MyMood" */;
			buildPhases = (
				272D960627829F760029527E /* Sources */,
				272D960727829F760029527E /* Frameworks */,
				272D960827829F760029527E /* Resources */,
			);
			buildRules = (
			);
			dependencies = (
			);
			name = MyMood;
			productName = MyMood;
			productReference = 272D960A27829F760029527E /* MyMood.app */;
			productType = "com.apple.product-type.application";
		};
/* End PBXNativeTarget section */

/* Begin PBXProject section */
		272D960227829F760029527E /* Project object */ = {
			isa = PBXProject;
			attributes = {
				BuildIndependentTargetsInParallel = 1;
				LastSwiftUpdateCheck = 1320;
				LastUpgradeCheck = 1320;
				TargetAttributes = {
					272D960927829F760029527E = {
						CreatedOnToolsVersion = 13.2.1;
					};
				};
			};
			buildConfigurationList = 272D960527829F760029527E /* Build configuration list for PBXProject "MyMood" */;
			compatibilityVersion = "Xcode 13.0";
			developmentRegion = en;
			hasScannedForEncodings = 0;
			knownRegions = (
				en,
				Base,
			);
			mainGroup = 272D960127829F760029527E;
			productRefGroup = 272D960B27829F760029527E /* Products */;
			projectDirPath = "";
			projectRoot = "";
			targets = (
				272D960927829F760029527E /* MyMood */,
			);
		};
/* End PBXProject section */

/* Begin PBXResourcesBuildPhase section */
		272D960827829F760029527E /* Resources */ = {
			isa = PBXResourcesBuildPhase;
			buildActionMask = 2147483647;
			files = (
				272D961527829F770029527E /* Preview Assets.xcassets in Resources */,
				272D961227829F770029527E /* Assets.xcassets in Resources */,
			);
			runOnlyForDeploymentPostprocessing = 0;
		};
/* End PBXResourcesBuildPhase section */

/* Begin PBXSourcesBuildPhase section */
		272D960627829F760029527E /* Sources */ = {
			isa = PBXSourcesBuildPhase;
			buildActionMask = 2147483647;
			files = (
				272D965F2787F4340029527E /* ListOfMoods.swift in Sources */,
				27EAFE022799068600CCCB4D /* MoodGrid.swift in Sources */,
				272D961A27829F770029527E /* MyMood.xcdatamodeld in Sources */,
				271130A2279C57160073BB35 /* RadarChartDateSelector.swift in Sources */,
				272D961727829F770029527E /* Persistence.swift in Sources */,
				27EAFDFE2798F91E00CCCB4D /* utils.swift in Sources */,
				272D965D2787DF090029527E /* Mood.swift in Sources */,
				271130A4279C61830073BB35 /* TimestampFilteredMoods.swift in Sources */,
				27467057279665B9000478D6 /* AboutView.swift in Sources */,
				272D961027829F760029527E /* NewFeeling.swift in Sources */,
				272D960E27829F760029527E /* MyMoodApp.swift in Sources */,
				2746B8B7279605E400233F96 /* Theme.swift in Sources */,
				272D9661278907110029527E /* Homescreen.swift in Sources */,
				27EAFDFC2798F8C900CCCB4D /* MoodRow.swift in Sources */,
				271130A0279C41470073BB35 /* RadarChart.swift in Sources */,
			);
			runOnlyForDeploymentPostprocessing = 0;
		};
/* End PBXSourcesBuildPhase section */

/* Begin XCBuildConfiguration section */
		272D963127829F770029527E /* Debug */ = {
			isa = XCBuildConfiguration;
			buildSettings = {
				ALWAYS_SEARCH_USER_PATHS = NO;
				CLANG_ANALYZER_NONNULL = YES;
				CLANG_ANALYZER_NUMBER_OBJECT_CONVERSION = YES_AGGRESSIVE;
				CLANG_CXX_LANGUAGE_STANDARD = "gnu++17";
				CLANG_CXX_LIBRARY = "libc++";
				CLANG_ENABLE_MODULES = YES;
				CLANG_ENABLE_OBJC_ARC = YES;
				CLANG_ENABLE_OBJC_WEAK = YES;
				CLANG_WARN_BLOCK_CAPTURE_AUTORELEASING = YES;
				CLANG_WARN_BOOL_CONVERSION = YES;
				CLANG_WARN_COMMA = YES;
				CLANG_WARN_CONSTANT_CONVERSION = YES;
				CLANG_WARN_DEPRECATED_OBJC_IMPLEMENTATIONS = YES;
				CLANG_WARN_DIRECT_OBJC_ISA_USAGE = YES_ERROR;
				CLANG_WARN_DOCUMENTATION_COMMENTS = YES;
				CLANG_WARN_EMPTY_BODY = YES;
				CLANG_WARN_ENUM_CONVERSION = YES;
				CLANG_WARN_INFINITE_RECURSION = YES;
				CLANG_WARN_INT_CONVERSION = YES;
				CLANG_WARN_NON_LITERAL_NULL_CONVERSION = YES;
				CLANG_WARN_OBJC_IMPLICIT_RETAIN_SELF = YES;
				CLANG_WARN_OBJC_LITERAL_CONVERSION = YES;
				CLANG_WARN_OBJC_ROOT_CLASS = YES_ERROR;
				CLANG_WARN_QUOTED_INCLUDE_IN_FRAMEWORK_HEADER = YES;
				CLANG_WARN_RANGE_LOOP_ANALYSIS = YES;
				CLANG_WARN_STRICT_PROTOTYPES = YES;
				CLANG_WARN_SUSPICIOUS_MOVE = YES;
				CLANG_WARN_UNGUARDED_AVAILABILITY = YES_AGGRESSIVE;
				CLANG_WARN_UNREACHABLE_CODE = YES;
				CLANG_WARN__DUPLICATE_METHOD_MATCH = YES;
				COPY_PHASE_STRIP = NO;
				DEBUG_INFORMATION_FORMAT = dwarf;
				ENABLE_STRICT_OBJC_MSGSEND = YES;
				ENABLE_TESTABILITY = YES;
				GCC_C_LANGUAGE_STANDARD = gnu11;
				GCC_DYNAMIC_NO_PIC = NO;
				GCC_NO_COMMON_BLOCKS = YES;
				GCC_OPTIMIZATION_LEVEL = 0;
				GCC_PREPROCESSOR_DEFINITIONS = (
					"DEBUG=1",
					"$(inherited)",
				);
				GCC_WARN_64_TO_32_BIT_CONVERSION = YES;
				GCC_WARN_ABOUT_RETURN_TYPE = YES_ERROR;
				GCC_WARN_UNDECLARED_SELECTOR = YES;
				GCC_WARN_UNINITIALIZED_AUTOS = YES_AGGRESSIVE;
				GCC_WARN_UNUSED_FUNCTION = YES;
				GCC_WARN_UNUSED_VARIABLE = YES;
				IPHONEOS_DEPLOYMENT_TARGET = 15.2;
				MTL_ENABLE_DEBUG_INFO = INCLUDE_SOURCE;
				MTL_FAST_MATH = YES;
				ONLY_ACTIVE_ARCH = YES;
				SDKROOT = iphoneos;
				SWIFT_ACTIVE_COMPILATION_CONDITIONS = DEBUG;
				SWIFT_OPTIMIZATION_LEVEL = "-Onone";
			};
			name = Debug;
		};
		272D963227829F770029527E /* Release */ = {
			isa = XCBuildConfiguration;
			buildSettings = {
				ALWAYS_SEARCH_USER_PATHS = NO;
				CLANG_ANALYZER_NONNULL = YES;
				CLANG_ANALYZER_NUMBER_OBJECT_CONVERSION = YES_AGGRESSIVE;
				CLANG_CXX_LANGUAGE_STANDARD = "gnu++17";
				CLANG_CXX_LIBRARY = "libc++";
				CLANG_ENABLE_MODULES = YES;
				CLANG_ENABLE_OBJC_ARC = YES;
				CLANG_ENABLE_OBJC_WEAK = YES;
				CLANG_WARN_BLOCK_CAPTURE_AUTORELEASING = YES;
				CLANG_WARN_BOOL_CONVERSION = YES;
				CLANG_WARN_COMMA = YES;
				CLANG_WARN_CONSTANT_CONVERSION = YES;
				CLANG_WARN_DEPRECATED_OBJC_IMPLEMENTATIONS = YES;
				CLANG_WARN_DIRECT_OBJC_ISA_USAGE = YES_ERROR;
				CLANG_WARN_DOCUMENTATION_COMMENTS = YES;
				CLANG_WARN_EMPTY_BODY = YES;
				CLANG_WARN_ENUM_CONVERSION = YES;
				CLANG_WARN_INFINITE_RECURSION = YES;
				CLANG_WARN_INT_CONVERSION = YES;
				CLANG_WARN_NON_LITERAL_NULL_CONVERSION = YES;
				CLANG_WARN_OBJC_IMPLICIT_RETAIN_SELF = YES;
				CLANG_WARN_OBJC_LITERAL_CONVERSION = YES;
				CLANG_WARN_OBJC_ROOT_CLASS = YES_ERROR;
				CLANG_WARN_QUOTED_INCLUDE_IN_FRAMEWORK_HEADER = YES;
				CLANG_WARN_RANGE_LOOP_ANALYSIS = YES;
				CLANG_WARN_STRICT_PROTOTYPES = YES;
				CLANG_WARN_SUSPICIOUS_MOVE = YES;
				CLANG_WARN_UNGUARDED_AVAILABILITY = YES_AGGRESSIVE;
				CLANG_WARN_UNREACHABLE_CODE = YES;
				CLANG_WARN__DUPLICATE_METHOD_MATCH = YES;
				COPY_PHASE_STRIP = NO;
				DEBUG_INFORMATION_FORMAT = "dwarf-with-dsym";
				ENABLE_NS_ASSERTIONS = NO;
				ENABLE_STRICT_OBJC_MSGSEND = YES;
				GCC_C_LANGUAGE_STANDARD = gnu11;
				GCC_NO_COMMON_BLOCKS = YES;
				GCC_WARN_64_TO_32_BIT_CONVERSION = YES;
				GCC_WARN_ABOUT_RETURN_TYPE = YES_ERROR;
				GCC_WARN_UNDECLARED_SELECTOR = YES;
				GCC_WARN_UNINITIALIZED_AUTOS = YES_AGGRESSIVE;
				GCC_WARN_UNUSED_FUNCTION = YES;
				GCC_WARN_UNUSED_VARIABLE = YES;
				IPHONEOS_DEPLOYMENT_TARGET = 15.2;
				MTL_ENABLE_DEBUG_INFO = NO;
				MTL_FAST_MATH = YES;
				SDKROOT = iphoneos;
				SWIFT_COMPILATION_MODE = wholemodule;
				SWIFT_OPTIMIZATION_LEVEL = "-O";
				VALIDATE_PRODUCT = YES;
			};
			name = Release;
		};
		272D963427829F770029527E /* Debug */ = {
			isa = XCBuildConfiguration;
			buildSettings = {
				ASSETCATALOG_COMPILER_APPICON_NAME = AppIcon;
				ASSETCATALOG_COMPILER_GLOBAL_ACCENT_COLOR_NAME = AccentColor;
				CODE_SIGN_ENTITLEMENTS = MyMood/MyMood.entitlements;
				CODE_SIGN_IDENTITY = "Apple Development";
				CODE_SIGN_STYLE = Automatic;
				CURRENT_PROJECT_VERSION = 1;
				DEVELOPMENT_ASSET_PATHS = "\"MyMood/Preview Content\"";
				DEVELOPMENT_TEAM = XT974JENV5;
				ENABLE_PREVIEWS = YES;
				GENERATE_INFOPLIST_FILE = YES;
				INFOPLIST_FILE = MyMood/iOS/Info.plist;
				INFOPLIST_KEY_UIApplicationSceneManifest_Generation = YES;
				INFOPLIST_KEY_UIApplicationSupportsIndirectInputEvents = YES;
				INFOPLIST_KEY_UILaunchScreen_Generation = YES;
				INFOPLIST_KEY_UISupportedInterfaceOrientations_iPad = "UIInterfaceOrientationPortrait UIInterfaceOrientationPortraitUpsideDown UIInterfaceOrientationLandscapeLeft UIInterfaceOrientationLandscapeRight";
				INFOPLIST_KEY_UISupportedInterfaceOrientations_iPhone = "UIInterfaceOrientationPortrait UIInterfaceOrientationLandscapeLeft UIInterfaceOrientationLandscapeRight";
				LD_RUNPATH_SEARCH_PATHS = (
					"$(inherited)",
					"@executable_path/Frameworks",
				);
				MARKETING_VERSION = 1.0;
				PRODUCT_BUNDLE_IDENTIFIER = com.shoressoftwaresolutions.MyMood;
				PRODUCT_NAME = "$(TARGET_NAME)";
				PROVISIONING_PROFILE_SPECIFIER = "";
				SWIFT_EMIT_LOC_STRINGS = YES;
				SWIFT_VERSION = 5.0;
				TARGETED_DEVICE_FAMILY = "1,2";
			};
			name = Debug;
		};
		272D963527829F770029527E /* Release */ = {
			isa = XCBuildConfiguration;
			buildSettings = {
				ASSETCATALOG_COMPILER_APPICON_NAME = AppIcon;
				ASSETCATALOG_COMPILER_GLOBAL_ACCENT_COLOR_NAME = AccentColor;
				CODE_SIGN_ENTITLEMENTS = MyMood/MyMood.entitlements;
				CODE_SIGN_IDENTITY = "Apple Development";
				CODE_SIGN_STYLE = Automatic;
				CURRENT_PROJECT_VERSION = 1;
				DEVELOPMENT_ASSET_PATHS = "\"MyMood/Preview Content\"";
				DEVELOPMENT_TEAM = XT974JENV5;
				ENABLE_PREVIEWS = YES;
				GENERATE_INFOPLIST_FILE = YES;
				INFOPLIST_FILE = MyMood/iOS/Info.plist;
				INFOPLIST_KEY_UIApplicationSceneManifest_Generation = YES;
				INFOPLIST_KEY_UIApplicationSupportsIndirectInputEvents = YES;
				INFOPLIST_KEY_UILaunchScreen_Generation = YES;
				INFOPLIST_KEY_UISupportedInterfaceOrientations_iPad = "UIInterfaceOrientationPortrait UIInterfaceOrientationPortraitUpsideDown UIInterfaceOrientationLandscapeLeft UIInterfaceOrientationLandscapeRight";
				INFOPLIST_KEY_UISupportedInterfaceOrientations_iPhone = "UIInterfaceOrientationPortrait UIInterfaceOrientationLandscapeLeft UIInterfaceOrientationLandscapeRight";
				LD_RUNPATH_SEARCH_PATHS = (
					"$(inherited)",
					"@executable_path/Frameworks",
				);
				MARKETING_VERSION = 1.0;
				PRODUCT_BUNDLE_IDENTIFIER = com.shoressoftwaresolutions.MyMood;
				PRODUCT_NAME = "$(TARGET_NAME)";
				PROVISIONING_PROFILE_SPECIFIER = "";
				SWIFT_EMIT_LOC_STRINGS = YES;
				SWIFT_VERSION = 5.0;
				TARGETED_DEVICE_FAMILY = "1,2";
			};
			name = Release;
		};
/* End XCBuildConfiguration section */

/* Begin XCConfigurationList section */
		272D960527829F760029527E /* Build configuration list for PBXProject "MyMood" */ = {
			isa = XCConfigurationList;
			buildConfigurations = (
				272D963127829F770029527E /* Debug */,
				272D963227829F770029527E /* Release */,
			);
			defaultConfigurationIsVisible = 0;
			defaultConfigurationName = Release;
		};
		272D963327829F770029527E /* Build configuration list for PBXNativeTarget "MyMood" */ = {
			isa = XCConfigurationList;
			buildConfigurations = (
				272D963427829F770029527E /* Debug */,
				272D963527829F770029527E /* Release */,
			);
			defaultConfigurationIsVisible = 0;
			defaultConfigurationName = Release;
		};
/* End XCConfigurationList section */

/* Begin XCVersionGroup section */
		272D961827829F770029527E /* MyMood.xcdatamodeld */ = {
			isa = XCVersionGroup;
			children = (
				272D961927829F770029527E /* MyMood.xcdatamodel */,
			);
			currentVersion = 272D961927829F770029527E /* MyMood.xcdatamodel */;
			path = MyMood.xcdatamodeld;
			sourceTree = "<group>";
			versionGroupType = wrapper.xcdatamodel;
		};
/* End XCVersionGroup section */
	};
	rootObject = 272D960227829F760029527E /* Project object */;
}
